lockfileVersion: '9.0'

settings:
  autoInstallPeers: false
  excludeLinksFromLockfile: false

importers:

  .: {}

  packages/cloud-nodes: {}

  packages/common: {}

  packages/edge-nodes:
    dependencies:
      '@mqttsnet/thinglinks-node-red-common':
        specifier: workspace:0.0.1
        version: link:../common
